{
  "name": "7-bearhug_gtm",
  "version": "1.0.0",
  "lockfileVersion": 3,
  "requires": true,
  "packages": {
    "": {
      "name": "7-bearhug_gtm",
      "version": "1.0.0",
      "license": "ISC",
      "dependencies": {
        "@boundaryml/baml": "^0.81.1",
        "@pinecone-database/pinecone": "^5.1.1",
        "dotenv": "^16.4.7"
      },
      "devDependencies": {
        "@types/node": "^22.13.10"
      }
    },
    "node_modules/@boundaryml/baml": {
      "version": "0.81.1",
      "resolved": "https://registry.npmjs.org/@boundaryml/baml/-/baml-0.81.1.tgz",
      "integrity": "sha512-rpt6uui+GsuyYG6xZOS9VwGdKdDDOnFRL42VfUhP0HGm2pSxdMmpIvGlunYZ/WdZ2Sm0naWPgS7+ZsNWEXv/pw==",
      "license": "MIT",
      "dependencies": {
        "@scarf/scarf": "^1.3.0"
      },
      "bin": {
        "baml-cli": "cli.js"
      },
      "engines": {
        "node": ">= 10"
      },
      "optionalDependencies": {
        "@boundaryml/baml-darwin-arm64": "0.81.1",
        "@boundaryml/baml-darwin-x64": "0.81.1",
        "@boundaryml/baml-linux-arm64-gnu": "0.81.1",
        "@boundaryml/baml-linux-arm64-musl": "0.81.1",
        "@boundaryml/baml-linux-x64-gnu": "0.81.1",
        "@boundaryml/baml-linux-x64-musl": "0.81.1",
        "@boundaryml/baml-win32-x64-msvc": "0.81.1"
      }
    },
    "node_modules/@boundaryml/baml-darwin-arm64": {
      "version": "0.81.1",
      "resolved": "https://registry.npmjs.org/@boundaryml/baml-darwin-arm64/-/baml-darwin-arm64-0.81.1.tgz",
      "integrity": "sha512-dgNqGVfVPPBB82GW3W4htvsCJsV5wpqprr6CJgHoMdPIRFYUKv9Lg2XxvvyBt3ooFAy6xfWheCXfqdquOI8giQ==",
      "cpu": [
        "arm64"
      ],
      "license": "MIT",
      "optional": true,
      "os": [
        "darwin"
      ],
      "engines": {
        "node": ">= 10"
      }
    },
    "node_modules/@boundaryml/baml-linux-arm64-gnu": {
      "version": "0.81.1",
      "resolved": "https://registry.npmjs.org/@boundaryml/baml-linux-arm64-gnu/-/baml-linux-arm64-gnu-0.81.1.tgz",
      "integrity": "sha512-9Vv6/pfB91jPoVangqWKGyp5EyC0DeKAPq+sdm/ncy2WYwPQ21HJ3nMcADLa2phD6AGtUI6r2xzVQdXi75HJwg==",
      "cpu": [
        "arm64"
      ],
      "license": "MIT",
      "optional": true,
      "os": [
        "linux"
      ],
      "engines": {
        "node": ">= 10"
      }
    },
    "node_modules/@boundaryml/baml-linux-x64-gnu": {
      "version": "0.81.1",
      "resolved": "https://registry.npmjs.org/@boundaryml/baml-linux-x64-gnu/-/baml-linux-x64-gnu-0.81.1.tgz",
      "integrity": "sha512-vJu+X33Y0IOaf6RPSXMFcRxMdnwc+DQouWwymRollA8a79XvQp+cuhNeAg8VoaIywMgksw5YyG9NqTmdvwIAFA==",
      "cpu": [
        "x64"
      ],
      "license": "MIT",
      "optional": true,
      "os": [
        "linux"
      ],
      "engines": {
        "node": ">= 10"
      }
    },
    "node_modules/@boundaryml/baml-win32-x64-msvc": {
      "version": "0.81.1",
      "resolved": "https://registry.npmjs.org/@boundaryml/baml-win32-x64-msvc/-/baml-win32-x64-msvc-0.81.1.tgz",
      "integrity": "sha512-3d8ULo9qZqUb43jh5g4eDuKSLKpiF6lYbEmdtOjEX4uOMxujoszHIYALkbwOLy1ZxJVyZ5GMilNo0BhFqENPTw==",
      "cpu": [
        "x64"
      ],
      "license": "MIT",
      "optional": true,
      "os": [
        "win32"
      ],
      "engines": {
        "node": ">= 10"
      }
    },
    "node_modules/@pinecone-database/pinecone": {
      "version": "5.1.1",
      "resolved": "https://registry.npmjs.org/@pinecone-database/pinecone/-/pinecone-5.1.1.tgz",
      "integrity": "sha512-2JwnY28qb2AQi3fLlBfiXhV6e4ZEF0/0HNLdoFWoSPcty6Eu7+354M8mo/Hj0Hi7y3TCDkSCXq2dgmbcDSmCFQ==",
      "license": "Apache-2.0",
      "engines": {
        "node": ">=18.0.0"
      }
    },
    "node_modules/@scarf/scarf": {
      "version": "1.4.0",
      "resolved": "https://registry.npmjs.org/@scarf/scarf/-/scarf-1.4.0.tgz",
      "integrity": "sha512-xxeapPiUXdZAE3che6f3xogoJPeZgig6omHEy1rIY5WVsB3H2BHNnZH+gHG6x91SCWyQCzWGsuL2Hh3ClO5/qQ==",
      "hasInstallScript": true,
      "license": "Apache-2.0"
    },
    "node_modules/@types/node": {
      "version": "22.13.10",
      "resolved": "https://registry.npmjs.org/@types/node/-/node-22.13.10.tgz",
      "integrity": "sha512-I6LPUvlRH+O6VRUqYOcMudhaIdUVWfsjnZavnsraHvpBwaEyMN29ry+0UVJhImYL16xsscu0aske3yA+uPOWfw==",
      "dev": true,
      "license": "MIT",
      "dependencies": {
        "undici-types": "~6.20.0"
      }
    },
    "node_modules/dotenv": {
      "version": "16.4.7",
      "resolved": "https://registry.npmjs.org/dotenv/-/dotenv-16.4.7.tgz",
      "integrity": "sha512-47qPchRCykZC03FhkYAhrvwU4xDBFIj1QPqaarj6mdM/hgUzfPHcpkHJOn3mJAufFeeAxAzeGsr5X0M4k6fLZQ==",
      "license": "BSD-2-Clause",
      "engines": {
        "node": ">=12"
      },
      "funding": {
        "url": "https://dotenvx.com"
      }
    },
    "node_modules/undici-types": {
      "version": "6.20.0",
      "resolved": "https://registry.npmjs.org/undici-types/-/undici-types-6.20.0.tgz",
      "integrity": "sha512-Ny6QZ2Nju20vw1SRHe3d9jVu6gJ+4e3+MMpqu7pqE5HT6WsTSlce++GQmK5UXS8mzV8DSYHrQH+Xrf2jVcuKNg==",
      "dev": true,
      "license": "MIT"
    }
  }
}
